// !$*UTF8*$!
{
	archiveVersion = 1;
	classes = {
	};
	objectVersion = 55;
	objects = {

/* Begin PBXBuildFile section */
		4BF50824272336A0006976B4 /* AppDelegate.swift in Sources */ = {isa = PBXBuildFile; fileRef = 4BF50823272336A0006976B4 /* AppDelegate.swift */; };
		4BF50826272336A0006976B4 /* SceneDelegate.swift in Sources */ = {isa = PBXBuildFile; fileRef = 4BF50825272336A0006976B4 /* SceneDelegate.swift */; };
		4BF50828272336A0006976B4 /* ViewController.swift in Sources */ = {isa = PBXBuildFile; fileRef = 4BF50827272336A0006976B4 /* ViewController.swift */; };
		4BF5082B272336A0006976B4 /* Main.storyboard in Resources */ = {isa = PBXBuildFile; fileRef = 4BF50829272336A0006976B4 /* Main.storyboard */; };
		4BF5082D272336A2006976B4 /* Assets.xcassets in Resources */ = {isa = PBXBuildFile; fileRef = 4BF5082C272336A2006976B4 /* Assets.xcassets */; };
		4BF50830272336A2006976B4 /* LaunchScreen.storyboard in Resources */ = {isa = PBXBuildFile; fileRef = 4BF5082E272336A2006976B4 /* LaunchScreen.storyboard */; };
		4BF5083B272336A2006976B4 /* SoundmeTests.swift in Sources */ = {isa = PBXBuildFile; fileRef = 4BF5083A272336A2006976B4 /* SoundmeTests.swift */; };
		4BF50845272336A2006976B4 /* SoundmeUITests.swift in Sources */ = {isa = PBXBuildFile; fileRef = 4BF50844272336A2006976B4 /* SoundmeUITests.swift */; };
		4BF50847272336A2006976B4 /* SoundmeUITestsLaunchTests.swift in Sources */ = {isa = PBXBuildFile; fileRef = 4BF50846272336A2006976B4 /* SoundmeUITestsLaunchTests.swift */; };
/* End PBXBuildFile section */

/* Begin PBXContainerItemProxy section */
		4BF50837272336A2006976B4 /* PBXContainerItemProxy */ = {
			isa = PBXContainerItemProxy;
			containerPortal = 4BF50818272336A0006976B4 /* Project object */;
			proxyType = 1;
			remoteGlobalIDString = 4BF5081F272336A0006976B4;
			remoteInfo = Soundme;
		};
		4BF50841272336A2006976B4 /* PBXContainerItemProxy */ = {
			isa = PBXContainerItemProxy;
			containerPortal = 4BF50818272336A0006976B4 /* Project object */;
			proxyType = 1;
			remoteGlobalIDString = 4BF5081F272336A0006976B4;
			remoteInfo = Soundme;
		};
/* End PBXContainerItemProxy section */

/* Begin PBXFileReference section */
		4BF50820272336A0006976B4 /* Soundme.app */ = {isa = PBXFileReference; explicitFileType = wrapper.application; includeInIndex = 0; path = Soundme.app; sourceTree = BUILT_PRODUCTS_DIR; };
		4BF50823272336A0006976B4 /* AppDelegate.swift */ = {isa = PBXFileReference; lastKnownFileType = sourcecode.swift; path = AppDelegate.swift; sourceTree = "<group>"; };
		4BF50825272336A0006976B4 /* SceneDelegate.swift */ = {isa = PBXFileReference; lastKnownFileType = sourcecode.swift; path = SceneDelegate.swift; sourceTree = "<group>"; };
		4BF50827272336A0006976B4 /* ViewController.swift */ = {isa = PBXFileReference; lastKnownFileType = sourcecode.swift; path = ViewController.swift; sourceTree = "<group>"; };
		4BF5082A272336A0006976B4 /* Base */ = {isa = PBXFileReference; lastKnownFileType = file.storyboard; name = Base; path = Base.lproj/Main.storyboard; sourceTree = "<group>"; };
		4BF5082C272336A2006976B4 /* Assets.xcassets */ = {isa = PBXFileReference; lastKnownFileType = folder.assetcatalog; path = Assets.xcassets; sourceTree = "<group>"; };
		4BF5082F272336A2006976B4 /* Base */ = {isa = PBXFileReference; lastKnownFileType = file.storyboard; name = Base; path = Base.lproj/LaunchScreen.storyboard; sourceTree = "<group>"; };
		4BF50831272336A2006976B4 /* Info.plist */ = {isa = PBXFileReference; lastKnownFileType = text.plist.xml; path = Info.plist; sourceTree = "<group>"; };
		4BF50836272336A2006976B4 /* SoundmeTests.xctest */ = {isa = PBXFileReference; explicitFileType = wrapper.cfbundle; includeInIndex = 0; path = SoundmeTests.xctest; sourceTree = BUILT_PRODUCTS_DIR; };
		4BF5083A272336A2006976B4 /* SoundmeTests.swift */ = {isa = PBXFileReference; lastKnownFileType = sourcecode.swift; path = SoundmeTests.swift; sourceTree = "<group>"; };
		4BF50840272336A2006976B4 /* SoundmeUITests.xctest */ = {isa = PBXFileReference; explicitFileType = wrapper.cfbundle; includeInIndex = 0; path = SoundmeUITests.xctest; sourceTree = BUILT_PRODUCTS_DIR; };
		4BF50844272336A2006976B4 /* SoundmeUITests.swift */ = {isa = PBXFileReference; lastKnownFileType = sourcecode.swift; path = SoundmeUITests.swift; sourceTree = "<group>"; };
		4BF50846272336A2006976B4 /* SoundmeUITestsLaunchTests.swift */ = {isa = PBXFileReference; lastKnownFileType = sourcecode.swift; path = SoundmeUITestsLaunchTests.swift; sourceTree = "<group>"; };
/* End PBXFileReference section */

/* Begin PBXFrameworksBuildPhase section */
		4BF5081D272336A0006976B4 /* Frameworks */ = {
			isa = PBXFrameworksBuildPhase;
			buildActionMask = 2147483647;
			files = (
			);
			runOnlyForDeploymentPostprocessing = 0;
		};
		4BF50833272336A2006976B4 /* Frameworks */ = {
			isa = PBXFrameworksBuildPhase;
			buildActionMask = 2147483647;
			files = (
			);
			runOnlyForDeploymentPostprocessing = 0;
		};
		4BF5083D272336A2006976B4 /* Frameworks */ = {
			isa = PBXFrameworksBuildPhase;
			buildActionMask = 2147483647;
			files = (
			);
			runOnlyForDeploymentPostprocessing = 0;
		};
/* End PBXFrameworksBuildPhase section */

/* Begin PBXGroup section */
		4BF50817272336A0006976B4 = {
			isa = PBXGroup;
			children = (
				4BF50822272336A0006976B4 /* Soundme */,
				4BF50839272336A2006976B4 /* SoundmeTests */,
				4BF50843272336A2006976B4 /* SoundmeUITests */,
				4BF50821272336A0006976B4 /* Products */,
			);
			sourceTree = "<group>";
		};
		4BF50821272336A0006976B4 /* Products */ = {
			isa = PBXGroup;
			children = (
				4BF50820272336A0006976B4 /* Soundme.app */,
				4BF50836272336A2006976B4 /* SoundmeTests.xctest */,
				4BF50840272336A2006976B4 /* SoundmeUITests.xctest */,
			);
			name = Products;
			sourceTree = "<group>";
		};
		4BF50822272336A0006976B4 /* Soundme */ = {
			isa = PBXGroup;
			children = (
				4BF50823272336A0006976B4 /* AppDelegate.swift */,
				4BF50825272336A0006976B4 /* SceneDelegate.swift */,
				4BF50827272336A0006976B4 /* ViewController.swift */,
				4BF50829272336A0006976B4 /* Main.storyboard */,
				4BF5082C272336A2006976B4 /* Assets.xcassets */,
				4BF5082E272336A2006976B4 /* LaunchScreen.storyboard */,
				4BF50831272336A2006976B4 /* Info.plist */,
			);
			path = Soundme;
			sourceTree = "<group>";
		};
		4BF50839272336A2006976B4 /* SoundmeTests */ = {
			isa = PBXGroup;
			children = (
				4BF5083A272336A2006976B4 /* SoundmeTests.swift */,
			);
			path = SoundmeTests;
			sourceTree = "<group>";
		};
		4BF50843272336A2006976B4 /* SoundmeUITests */ = {
			isa = PBXGroup;
			children = (
				4BF50844272336A2006976B4 /* SoundmeUITests.swift */,
				4BF50846272336A2006976B4 /* SoundmeUITestsLaunchTests.swift */,
			);
			path = SoundmeUITests;
			sourceTree = "<group>";
		};
/* End PBXGroup section */

/* Begin PBXNativeTarget section */
		4BF5081F272336A0006976B4 /* Soundme */ = {
			isa = PBXNativeTarget;
			buildConfigurationList = 4BF5084A272336A2006976B4 /* Build configuration list for PBXNativeTarget "Soundme" */;
			buildPhases = (
				4BF5081C272336A0006976B4 /* Sources */,
				4BF5081D272336A0006976B4 /* Frameworks */,
				4BF5081E272336A0006976B4 /* Resources */,
			);
			buildRules = (
			);
			dependencies = (
			);
			name = Soundme;
			productName = Soundme;
			productReference = 4BF50820272336A0006976B4 /* Soundme.app */;
			productType = "com.apple.product-type.application";
		};
		4BF50835272336A2006976B4 /* SoundmeTests */ = {
			isa = PBXNativeTarget;
			buildConfigurationList = 4BF5084D272336A2006976B4 /* Build configuration list for PBXNativeTarget "SoundmeTests" */;
			buildPhases = (
				4BF50832272336A2006976B4 /* Sources */,
				4BF50833272336A2006976B4 /* Frameworks */,
				4BF50834272336A2006976B4 /* Resources */,
			);
			buildRules = (
			);
			dependencies = (
				4BF50838272336A2006976B4 /* PBXTargetDependency */,
			);
			name = SoundmeTests;
			productName = SoundmeTests;
			productReference = 4BF50836272336A2006976B4 /* SoundmeTests.xctest */;
			productType = "com.apple.product-type.bundle.unit-test";
		};
		4BF5083F272336A2006976B4 /* SoundmeUITests */ = {
			isa = PBXNativeTarget;
			buildConfigurationList = 4BF50850272336A2006976B4 /* Build configuration list for PBXNativeTarget "SoundmeUITests" */;
			buildPhases = (
				4BF5083C272336A2006976B4 /* Sources */,
				4BF5083D272336A2006976B4 /* Frameworks */,
				4BF5083E272336A2006976B4 /* Resources */,
			);
			buildRules = (
			);
			dependencies = (
				4BF50842272336A2006976B4 /* PBXTargetDependency */,
			);
			name = SoundmeUITests;
			productName = SoundmeUITests;
			productReference = 4BF50840272336A2006976B4 /* SoundmeUITests.xctest */;
			productType = "com.apple.product-type.bundle.ui-testing";
		};
/* End PBXNativeTarget section */

/* Begin PBXProject section */
		4BF50818272336A0006976B4 /* Project object */ = {
			isa = PBXProject;
			attributes = {
				BuildIndependentTargetsInParallel = 1;
				LastSwiftUpdateCheck = 1300;
				LastUpgradeCheck = 1300;
				TargetAttributes = {
					4BF5081F272336A0006976B4 = {
						CreatedOnToolsVersion = 13.0;
					};
					4BF50835272336A2006976B4 = {
						CreatedOnToolsVersion = 13.0;
						TestTargetID = 4BF5081F272336A0006976B4;
					};
					4BF5083F272336A2006976B4 = {
						CreatedOnToolsVersion = 13.0;
						TestTargetID = 4BF5081F272336A0006976B4;
					};
				};
			};
			buildConfigurationList = 4BF5081B272336A0006976B4 /* Build configuration list for PBXProject "Soundme" */;
			compatibilityVersion = "Xcode 13.0";
			developmentRegion = en;
			hasScannedForEncodings = 0;
			knownRegions = (
				en,
				Base,
			);
			mainGroup = 4BF50817272336A0006976B4;
			productRefGroup = 4BF50821272336A0006976B4 /* Products */;
			projectDirPath = "";
			projectRoot = "";
			targets = (
				4BF5081F272336A0006976B4 /* Soundme */,
				4BF50835272336A2006976B4 /* SoundmeTests */,
				4BF5083F272336A2006976B4 /* SoundmeUITests */,
			);
		};
/* End PBXProject section */

/* Begin PBXResourcesBuildPhase section */
		4BF5081E272336A0006976B4 /* Resources */ = {
			isa = PBXResourcesBuildPhase;
			buildActionMask = 2147483647;
			files = (
				4BF50830272336A2006976B4 /* LaunchScreen.storyboard in Resources */,
				4BF5082D272336A2006976B4 /* Assets.xcassets in Resources */,
				4BF5082B272336A0006976B4 /* Main.storyboard in Resources */,
			);
			runOnlyForDeploymentPostprocessing = 0;
		};
		4BF50834272336A2006976B4 /* Resources */ = {
			isa = PBXResourcesBuildPhase;
			buildActionMask = 2147483647;
			files = (
			);
			runOnlyForDeploymentPostprocessing = 0;
		};
		4BF5083E272336A2006976B4 /* Resources */ = {
			isa = PBXResourcesBuildPhase;
			buildActionMask = 2147483647;
			files = (
			);
			runOnlyForDeploymentPostprocessing = 0;
		};
/* End PBXResourcesBuildPhase section */

/* Begin PBXSourcesBuildPhase section */
		4BF5081C272336A0006976B4 /* Sources */ = {
			isa = PBXSourcesBuildPhase;
			buildActionMask = 2147483647;
			files = (
				4BF50828272336A0006976B4 /* ViewController.swift in Sources */,
				4BF50824272336A0006976B4 /* AppDelegate.swift in Sources */,
				4BF50826272336A0006976B4 /* SceneDelegate.swift in Sources */,
			);
			runOnlyForDeploymentPostprocessing = 0;
		};
		4BF50832272336A2006976B4 /* Sources */ = {
			isa = PBXSourcesBuildPhase;
			buildActionMask = 2147483647;
			files = (
				4BF5083B272336A2006976B4 /* SoundmeTests.swift in Sources */,
			);
			runOnlyForDeploymentPostprocessing = 0;
		};
		4BF5083C272336A2006976B4 /* Sources */ = {
			isa = PBXSourcesBuildPhase;
			buildActionMask = 2147483647;
			files = (
				4BF50847272336A2006976B4 /* SoundmeUITestsLaunchTests.swift in Sources */,
				4BF50845272336A2006976B4 /* SoundmeUITests.swift in Sources */,
			);
			runOnlyForDeploymentPostprocessing = 0;
		};
/* End PBXSourcesBuildPhase section */

/* Begin PBXTargetDependency section */
		4BF50838272336A2006976B4 /* PBXTargetDependency */ = {
			isa = PBXTargetDependency;
			target = 4BF5081F272336A0006976B4 /* Soundme */;
			targetProxy = 4BF50837272336A2006976B4 /* PBXContainerItemProxy */;
		};
		4BF50842272336A2006976B4 /* PBXTargetDependency */ = {
			isa = PBXTargetDependency;
			target = 4BF5081F272336A0006976B4 /* Soundme */;
			targetProxy = 4BF50841272336A2006976B4 /* PBXContainerItemProxy */;
		};
/* End PBXTargetDependency section */

/* Begin PBXVariantGroup section */
		4BF50829272336A0006976B4 /* Main.storyboard */ = {
			isa = PBXVariantGroup;
			children = (
				4BF5082A272336A0006976B4 /* Base */,
			);
			name = Main.storyboard;
			sourceTree = "<group>";
		};
		4BF5082E272336A2006976B4 /* LaunchScreen.storyboard */ = {
			isa = PBXVariantGroup;
			children = (
				4BF5082F272336A2006976B4 /* Base */,
			);
			name = LaunchScreen.storyboard;
			sourceTree = "<group>";
		};
/* End PBXVariantGroup section */

/* Begin XCBuildConfiguration section */
		4BF50848272336A2006976B4 /* Debug */ = {
			isa = XCBuildConfiguration;
			buildSettings = {
				ALWAYS_SEARCH_USER_PATHS = NO;
				CLANG_ANALYZER_NONNULL = YES;
				CLANG_ANALYZER_NUMBER_OBJECT_CONVERSION = YES_AGGRESSIVE;
				CLANG_CXX_LANGUAGE_STANDARD = "gnu++17";
				CLANG_CXX_LIBRARY = "libc++";
				CLANG_ENABLE_MODULES = YES;
				CLANG_ENABLE_OBJC_ARC = YES;
				CLANG_ENABLE_OBJC_WEAK = YES;
				CLANG_WARN_BLOCK_CAPTURE_AUTORELEASING = YES;
				CLANG_WARN_BOOL_CONVERSION = YES;
				CLANG_WARN_COMMA = YES;
				CLANG_WARN_CONSTANT_CONVERSION = YES;
				CLANG_WARN_DEPRECATED_OBJC_IMPLEMENTATIONS = YES;
				CLANG_WARN_DIRECT_OBJC_ISA_USAGE = YES_ERROR;
				CLANG_WARN_DOCUMENTATION_COMMENTS = YES;
				CLANG_WARN_EMPTY_BODY = YES;
				CLANG_WARN_ENUM_CONVERSION = YES;
				CLANG_WARN_INFINITE_RECURSION = YES;
				CLANG_WARN_INT_CONVERSION = YES;
				CLANG_WARN_NON_LITERAL_NULL_CONVERSION = YES;
				CLANG_WARN_OBJC_IMPLICIT_RETAIN_SELF = YES;
				CLANG_WARN_OBJC_LITERAL_CONVERSION = YES;
				CLANG_WARN_OBJC_ROOT_CLASS = YES_ERROR;
				CLANG_WARN_QUOTED_INCLUDE_IN_FRAMEWORK_HEADER = YES;
				CLANG_WARN_RANGE_LOOP_ANALYSIS = YES;
				CLANG_WARN_STRICT_PROTOTYPES = YES;
				CLANG_WARN_SUSPICIOUS_MOVE = YES;
				CLANG_WARN_UNGUARDED_AVAILABILITY = YES_AGGRESSIVE;
				CLANG_WARN_UNREACHABLE_CODE = YES;
				CLANG_WARN__DUPLICATE_METHOD_MATCH = YES;
				COPY_PHASE_STRIP = NO;
				DEBUG_INFORMATION_FORMAT = dwarf;
				ENABLE_STRICT_OBJC_MSGSEND = YES;
				ENABLE_TESTABILITY = YES;
				GCC_C_LANGUAGE_STANDARD = gnu11;
				GCC_DYNAMIC_NO_PIC = NO;
				GCC_NO_COMMON_BLOCKS = YES;
				GCC_OPTIMIZATION_LEVEL = 0;
				GCC_PREPROCESSOR_DEFINITIONS = (
					"DEBUG=1",
					"$(inherited)",
				);
				GCC_WARN_64_TO_32_BIT_CONVERSION = YES;
				GCC_WARN_ABOUT_RETURN_TYPE = YES_ERROR;
				GCC_WARN_UNDECLARED_SELECTOR = YES;
				GCC_WARN_UNINITIALIZED_AUTOS = YES_AGGRESSIVE;
				GCC_WARN_UNUSED_FUNCTION = YES;
				GCC_WARN_UNUSED_VARIABLE = YES;
				IPHONEOS_DEPLOYMENT_TARGET = 15.0;
				MTL_ENABLE_DEBUG_INFO = INCLUDE_SOURCE;
				MTL_FAST_MATH = YES;
				ONLY_ACTIVE_ARCH = YES;
				SDKROOT = iphoneos;
				SWIFT_ACTIVE_COMPILATION_CONDITIONS = DEBUG;
				SWIFT_OPTIMIZATION_LEVEL = "-Onone";
			};
			name = Debug;
		};
		4BF50849272336A2006976B4 /* Release */ = {
			isa = XCBuildConfiguration;
			buildSettings = {
				ALWAYS_SEARCH_USER_PATHS = NO;
				CLANG_ANALYZER_NONNULL = YES;
				CLANG_ANALYZER_NUMBER_OBJECT_CONVERSION = YES_AGGRESSIVE;
				CLANG_CXX_LANGUAGE_STANDARD = "gnu++17";
				CLANG_CXX_LIBRARY = "libc++";
				CLANG_ENABLE_MODULES = YES;
				CLANG_ENABLE_OBJC_ARC = YES;
				CLANG_ENABLE_OBJC_WEAK = YES;
				CLANG_WARN_BLOCK_CAPTURE_AUTORELEASING = YES;
				CLANG_WARN_BOOL_CONVERSION = YES;
				CLANG_WARN_COMMA = YES;
				CLANG_WARN_CONSTANT_CONVERSION = YES;
				CLANG_WARN_DEPRECATED_OBJC_IMPLEMENTATIONS = YES;
				CLANG_WARN_DIRECT_OBJC_ISA_USAGE = YES_ERROR;
				CLANG_WARN_DOCUMENTATION_COMMENTS = YES;
				CLANG_WARN_EMPTY_BODY = YES;
				CLANG_WARN_ENUM_CONVERSION = YES;
				CLANG_WARN_INFINITE_RECURSION = YES;
				CLANG_WARN_INT_CONVERSION = YES;
				CLANG_WARN_NON_LITERAL_NULL_CONVERSION = YES;
				CLANG_WARN_OBJC_IMPLICIT_RETAIN_SELF = YES;
				CLANG_WARN_OBJC_LITERAL_CONVERSION = YES;
				CLANG_WARN_OBJC_ROOT_CLASS = YES_ERROR;
				CLANG_WARN_QUOTED_INCLUDE_IN_FRAMEWORK_HEADER = YES;
				CLANG_WARN_RANGE_LOOP_ANALYSIS = YES;
				CLANG_WARN_STRICT_PROTOTYPES = YES;
				CLANG_WARN_SUSPICIOUS_MOVE = YES;
				CLANG_WARN_UNGUARDED_AVAILABILITY = YES_AGGRESSIVE;
				CLANG_WARN_UNREACHABLE_CODE = YES;
				CLANG_WARN__DUPLICATE_METHOD_MATCH = YES;
				COPY_PHASE_STRIP = NO;
				DEBUG_INFORMATION_FORMAT = "dwarf-with-dsym";
				ENABLE_NS_ASSERTIONS = NO;
				ENABLE_STRICT_OBJC_MSGSEND = YES;
				GCC_C_LANGUAGE_STANDARD = gnu11;
				GCC_NO_COMMON_BLOCKS = YES;
				GCC_WARN_64_TO_32_BIT_CONVERSION = YES;
				GCC_WARN_ABOUT_RETURN_TYPE = YES_ERROR;
				GCC_WARN_UNDECLARED_SELECTOR = YES;
				GCC_WARN_UNINITIALIZED_AUTOS = YES_AGGRESSIVE;
				GCC_WARN_UNUSED_FUNCTION = YES;
				GCC_WARN_UNUSED_VARIABLE = YES;
				IPHONEOS_DEPLOYMENT_TARGET = 15.0;
				MTL_ENABLE_DEBUG_INFO = NO;
				MTL_FAST_MATH = YES;
				SDKROOT = iphoneos;
				SWIFT_COMPILATION_MODE = wholemodule;
				SWIFT_OPTIMIZATION_LEVEL = "-O";
				VALIDATE_PRODUCT = YES;
			};
			name = Release;
		};
		4BF5084B272336A2006976B4 /* Debug */ = {
			isa = XCBuildConfiguration;
			buildSettings = {
				ASSETCATALOG_COMPILER_APPICON_NAME = AppIcon;
				ASSETCATALOG_COMPILER_GLOBAL_ACCENT_COLOR_NAME = AccentColor;
				CODE_SIGN_STYLE = Automatic;
				CURRENT_PROJECT_VERSION = 1;
				GENERATE_INFOPLIST_FILE = YES;
				INFOPLIST_FILE = Soundme/Info.plist;
				INFOPLIST_KEY_UIApplicationSupportsIndirectInputEvents = YES;
				INFOPLIST_KEY_UILaunchStoryboardName = LaunchScreen;
				INFOPLIST_KEY_UIMainStoryboardFile = Main;
				INFOPLIST_KEY_UISupportedInterfaceOrientations_iPad = "UIInterfaceOrientationPortrait UIInterfaceOrientationPortraitUpsideDown UIInterfaceOrientationLandscapeLeft UIInterfaceOrientationLandscapeRight";
				INFOPLIST_KEY_UISupportedInterfaceOrientations_iPhone = "UIInterfaceOrientationPortrait UIInterfaceOrientationLandscapeLeft UIInterfaceOrientationLandscapeRight";
				LD_RUNPATH_SEARCH_PATHS = (
					"$(inherited)",
					"@executable_path/Frameworks",
				);
				MARKETING_VERSION = 1.0;
				PRODUCT_BUNDLE_IDENTIFIER = "com.sparta-i.Soundme";
				PRODUCT_NAME = "$(TARGET_NAME)";
				SWIFT_EMIT_LOC_STRINGS = YES;
				SWIFT_VERSION = 5.0;
				TARGETED_DEVICE_FAMILY = "1,2";
			};
			name = Debug;
		};
		4BF5084C272336A2006976B4 /* Release */ = {
			isa = XCBuildConfiguration;
			buildSettings = {
				ASSETCATALOG_COMPILER_APPICON_NAME = AppIcon;
				ASSETCATALOG_COMPILER_GLOBAL_ACCENT_COLOR_NAME = AccentColor;
				CODE_SIGN_STYLE = Automatic;
				CURRENT_PROJECT_VERSION = 1;
				GENERATE_INFOPLIST_FILE = YES;
				INFOPLIST_FILE = Soundme/Info.plist;
				INFOPLIST_KEY_UIApplicationSupportsIndirectInputEvents = YES;
				INFOPLIST_KEY_UILaunchStoryboardName = LaunchScreen;
				INFOPLIST_KEY_UIMainStoryboardFile = Main;
				INFOPLIST_KEY_UISupportedInterfaceOrientations_iPad = "UIInterfaceOrientationPortrait UIInterfaceOrientationPortraitUpsideDown UIInterfaceOrientationLandscapeLeft UIInterfaceOrientationLandscapeRight";
				INFOPLIST_KEY_UISupportedInterfaceOrientations_iPhone = "UIInterfaceOrientationPortrait UIInterfaceOrientationLandscapeLeft UIInterfaceOrientationLandscapeRight";
				LD_RUNPATH_SEARCH_PATHS = (
					"$(inherited)",
					"@executable_path/Frameworks",
				);
				MARKETING_VERSION = 1.0;
				PRODUCT_BUNDLE_IDENTIFIER = "com.sparta-i.Soundme";
				PRODUCT_NAME = "$(TARGET_NAME)";
				SWIFT_EMIT_LOC_STRINGS = YES;
				SWIFT_VERSION = 5.0;
				TARGETED_DEVICE_FAMILY = "1,2";
			};
			name = Release;
		};
		4BF5084E272336A2006976B4 /* Debug */ = {
			isa = XCBuildConfiguration;
			buildSettings = {
				ALWAYS_EMBED_SWIFT_STANDARD_LIBRARIES = YES;
				BUNDLE_LOADER = "$(TEST_HOST)";
				CODE_SIGN_STYLE = Automatic;
				CURRENT_PROJECT_VERSION = 1;
				GENERATE_INFOPLIST_FILE = YES;
				IPHONEOS_DEPLOYMENT_TARGET = 15.0;
				LD_RUNPATH_SEARCH_PATHS = (
					"$(inherited)",
					"@executable_path/Frameworks",
					"@loader_path/Frameworks",
				);
				MARKETING_VERSION = 1.0;
				PRODUCT_BUNDLE_IDENTIFIER = "com.sparta-i.SoundmeTests";
				PRODUCT_NAME = "$(TARGET_NAME)";
				SWIFT_EMIT_LOC_STRINGS = NO;
				SWIFT_VERSION = 5.0;
				TARGETED_DEVICE_FAMILY = "1,2";
				TEST_HOST = "$(BUILT_PRODUCTS_DIR)/Soundme.app/Soundme";
			};
			name = Debug;
		};
		4BF5084F272336A2006976B4 /* Release */ = {
			isa = XCBuildConfiguration;
			buildSettings = {
				ALWAYS_EMBED_SWIFT_STANDARD_LIBRARIES = YES;
				BUNDLE_LOADER = "$(TEST_HOST)";
				CODE_SIGN_STYLE = Automatic;
				CURRENT_PROJECT_VERSION = 1;
				GENERATE_INFOPLIST_FILE = YES;
				IPHONEOS_DEPLOYMENT_TARGET = 15.0;
				LD_RUNPATH_SEARCH_PATHS = (
					"$(inherited)",
					"@executable_path/Frameworks",
					"@loader_path/Frameworks",
				);
				MARKETING_VERSION = 1.0;
				PRODUCT_BUNDLE_IDENTIFIER = "com.sparta-i.SoundmeTests";
				PRODUCT_NAME = "$(TARGET_NAME)";
				SWIFT_EMIT_LOC_STRINGS = NO;
				SWIFT_VERSION = 5.0;
				TARGETED_DEVICE_FAMILY = "1,2";
				TEST_HOST = "$(BUILT_PRODUCTS_DIR)/Soundme.app/Soundme";
			};
			name = Release;
		};
		4BF50851272336A2006976B4 /* Debug */ = {
			isa = XCBuildConfiguration;
			buildSettings = {
				ALWAYS_EMBED_SWIFT_STANDARD_LIBRARIES = YES;
				CODE_SIGN_STYLE = Automatic;
				CURRENT_PROJECT_VERSION = 1;
				GENERATE_INFOPLIST_FILE = YES;
				LD_RUNPATH_SEARCH_PATHS = (
					"$(inherited)",
					"@executable_path/Frameworks",
					"@loader_path/Frameworks",
				);
				MARKETING_VERSION = 1.0;
				PRODUCT_BUNDLE_IDENTIFIER = "com.sparta-i.SoundmeUITests";
				PRODUCT_NAME = "$(TARGET_NAME)";
				SWIFT_EMIT_LOC_STRINGS = NO;
				SWIFT_VERSION = 5.0;
				TARGETED_DEVICE_FAMILY = "1,2";
				TEST_TARGET_NAME = Soundme;
			};
			name = Debug;
		};
		4BF50852272336A2006976B4 /* Release */ = {
			isa = XCBuildConfiguration;
			buildSettings = {
				ALWAYS_EMBED_SWIFT_STANDARD_LIBRARIES = YES;
				CODE_SIGN_STYLE = Automatic;
				CURRENT_PROJECT_VERSION = 1;
				GENERATE_INFOPLIST_FILE = YES;
				LD_RUNPATH_SEARCH_PATHS = (
					"$(inherited)",
					"@executable_path/Frameworks",
					"@loader_path/Frameworks",
				);
				MARKETING_VERSION = 1.0;
				PRODUCT_BUNDLE_IDENTIFIER = "com.sparta-i.SoundmeUITests";
				PRODUCT_NAME = "$(TARGET_NAME)";
				SWIFT_EMIT_LOC_STRINGS = NO;
				SWIFT_VERSION = 5.0;
				TARGETED_DEVICE_FAMILY = "1,2";
				TEST_TARGET_NAME = Soundme;
			};
			name = Release;
		};
/* End XCBuildConfiguration section */

/* Begin XCConfigurationList section */
		4BF5081B272336A0006976B4 /* Build configuration list for PBXProject "Soundme" */ = {
			isa = XCConfigurationList;
			buildConfigurations = (
				4BF50848272336A2006976B4 /* Debug */,
				4BF50849272336A2006976B4 /* Release */,
			);
			defaultConfigurationIsVisible = 0;
			defaultConfigurationName = Release;
		};
		4BF5084A272336A2006976B4 /* Build configuration list for PBXNativeTarget "Soundme" */ = {
			isa = XCConfigurationList;
			buildConfigurations = (
				4BF5084B272336A2006976B4 /* Debug */,
				4BF5084C272336A2006976B4 /* Release */,
			);
			defaultConfigurationIsVisible = 0;
			defaultConfigurationName = Release;
		};
		4BF5084D272336A2006976B4 /* Build configuration list for PBXNativeTarget "SoundmeTests" */ = {
			isa = XCConfigurationList;
			buildConfigurations = (
				4BF5084E272336A2006976B4 /* Debug */,
				4BF5084F272336A2006976B4 /* Release */,
			);
			defaultConfigurationIsVisible = 0;
			defaultConfigurationName = Release;
		};
		4BF50850272336A2006976B4 /* Build configuration list for PBXNativeTarget "SoundmeUITests" */ = {
			isa = XCConfigurationList;
			buildConfigurations = (
				4BF50851272336A2006976B4 /* Debug */,
				4BF50852272336A2006976B4 /* Release */,
			);
			defaultConfigurationIsVisible = 0;
			defaultConfigurationName = Release;
		};
/* End XCConfigurationList section */
	};
	rootObject = 4BF50818272336A0006976B4 /* Project object */;
}
